
Microsoft Visual Studio Solution File, Format Version 12.00
# Visual Studio Version 17
VisualStudioVersion = 17.12.35707.178 d17.12
MinimumVisualStudioVersion = 10.0.40219.1
Project("{FAE04EC0-301F-11D3-BF4B-00C04F79EFBC}") = "LINQPractise", "LINQPractise\LINQPractise.csproj", "{296DFA31-B5C8-4C14-8414-ADA18D81A5C7}"
EndProject
Project("{FAE04EC0-301F-11D3-BF4B-00C04F79EFBC}") = "LINQPractise1", "LINQPractise1\LINQPractise1.csproj", "{56CDA374-C0D9-4491-A781-DC21BE4F7C4A}"
EndProject
Project("{FAE04EC0-301F-11D3-BF4B-00C04F79EFBC}") = "LINQPractise2", "LINQPractise2\LINQPractise2.csproj", "{5BEA7E31-F594-48C7-9FF7-6AF06E93B49A}"
EndProject
Project("{FAE04EC0-301F-11D3-BF4B-00C04F79EFBC}") = "LINQPractise3", "LINQPractise3\LINQPractise3.csproj", "{4DB7DFEB-215D-42A6-9DBA-5C09FCD6D641}"
EndProject
Project("{FAE04EC0-301F-11D3-BF4B-00C04F79EFBC}") = "LINQPractise4", "LINQPractise4\LINQPractise4.csproj", "{3E18C623-65DF-41A6-B41D-6B78D892132C}"
EndProject
Project("{FAE04EC0-301F-11D3-BF4B-00C04F79EFBC}") = "LINQPractise5", "LINQPractise5\LINQPractise5.csproj", "{73AE4337-F452-44AE-BE84-0B824D83E62B}"
EndProject
Project("{FAE04EC0-301F-11D3-BF4B-00C04F79EFBC}") = "LINQPractise6", "LINQPractise6\LINQPractise6.csproj", "{EA2B945F-D7AF-4987-9674-FE4BE1D02520}"
EndProject
Global
	GlobalSection(SolutionConfigurationPlatforms) = preSolution
		Debug|Any CPU = Debug|Any CPU
		Release|Any CPU = Release|Any CPU
	EndGlobalSection
	GlobalSection(ProjectConfigurationPlatforms) = postSolution
		{296DFA31-B5C8-4C14-8414-ADA18D81A5C7}.Debug|Any CPU.ActiveCfg = Debug|Any CPU
		{296DFA31-B5C8-4C14-8414-ADA18D81A5C7}.Debug|Any CPU.Build.0 = Debug|Any CPU
		{296DFA31-B5C8-4C14-8414-ADA18D81A5C7}.Release|Any CPU.ActiveCfg = Release|Any CPU
		{296DFA31-B5C8-4C14-8414-ADA18D81A5C7}.Release|Any CPU.Build.0 = Release|Any CPU
		{56CDA374-C0D9-4491-A781-DC21BE4F7C4A}.Debug|Any CPU.ActiveCfg = Debug|Any CPU
		{56CDA374-C0D9-4491-A781-DC21BE4F7C4A}.Debug|Any CPU.Build.0 = Debug|Any CPU
		{56CDA374-C0D9-4491-A781-DC21BE4F7C4A}.Release|Any CPU.ActiveCfg = Release|Any CPU
		{56CDA374-C0D9-4491-A781-DC21BE4F7C4A}.Release|Any CPU.Build.0 = Release|Any CPU
		{5BEA7E31-F594-48C7-9FF7-6AF06E93B49A}.Debug|Any CPU.ActiveCfg = Debug|Any CPU
		{5BEA7E31-F594-48C7-9FF7-6AF06E93B49A}.Debug|Any CPU.Build.0 = Debug|Any CPU
		{5BEA7E31-F594-48C7-9FF7-6AF06E93B49A}.Release|Any CPU.ActiveCfg = Release|Any CPU
		{5BEA7E31-F594-48C7-9FF7-6AF06E93B49A}.Release|Any CPU.Build.0 = Release|Any CPU
		{4DB7DFEB-215D-42A6-9DBA-5C09FCD6D641}.Debug|Any CPU.ActiveCfg = Debug|Any CPU
		{4DB7DFEB-215D-42A6-9DBA-5C09FCD6D641}.Debug|Any CPU.Build.0 = Debug|Any CPU
		{4DB7DFEB-215D-42A6-9DBA-5C09FCD6D641}.Release|Any CPU.ActiveCfg = Release|Any CPU
		{4DB7DFEB-215D-42A6-9DBA-5C09FCD6D641}.Release|Any CPU.Build.0 = Release|Any CPU
		{3E18C623-65DF-41A6-B41D-6B78D892132C}.Debug|Any CPU.ActiveCfg = Debug|Any CPU
		{3E18C623-65DF-41A6-B41D-6B78D892132C}.Debug|Any CPU.Build.0 = Debug|Any CPU
		{3E18C623-65DF-41A6-B41D-6B78D892132C}.Release|Any CPU.ActiveCfg = Release|Any CPU
		{3E18C623-65DF-41A6-B41D-6B78D892132C}.Release|Any CPU.Build.0 = Release|Any CPU
		{73AE4337-F452-44AE-BE84-0B824D83E62B}.Debug|Any CPU.ActiveCfg = Debug|Any CPU
		{73AE4337-F452-44AE-BE84-0B824D83E62B}.Debug|Any CPU.Build.0 = Debug|Any CPU
		{73AE4337-F452-44AE-BE84-0B824D83E62B}.Release|Any CPU.ActiveCfg = Release|Any CPU
		{73AE4337-F452-44AE-BE84-0B824D83E62B}.Release|Any CPU.Build.0 = Release|Any CPU
		{EA2B945F-D7AF-4987-9674-FE4BE1D02520}.Debug|Any CPU.ActiveCfg = Debug|Any CPU
		{EA2B945F-D7AF-4987-9674-FE4BE1D02520}.Debug|Any CPU.Build.0 = Debug|Any CPU
		{EA2B945F-D7AF-4987-9674-FE4BE1D02520}.Release|Any CPU.ActiveCfg = Release|Any CPU
		{EA2B945F-D7AF-4987-9674-FE4BE1D02520}.Release|Any CPU.Build.0 = Release|Any CPU
	EndGlobalSection
	GlobalSection(SolutionProperties) = preSolution
		HideSolutionNode = FALSE
	EndGlobalSection
EndGlobal
